// !$*UTF8*$!
{
	archiveVersion = 1;
	classes = {
	};
	objectVersion = 46;
	objects = {

/* Begin PBXBuildFile section */
		0403B5191AFC14EE001875AD /* LogEntry.m in Sources */ = {isa = PBXBuildFile; fileRef = 0403B5181AFC14EE001875AD /* LogEntry.m */; };
		0403B51C1AFC1567001875AD /* LogEntries.m in Sources */ = {isa = PBXBuildFile; fileRef = 0403B51B1AFC1567001875AD /* LogEntries.m */; };
		0403B51F1AFC1672001875AD /* Settings.m in Sources */ = {isa = PBXBuildFile; fileRef = 0403B51E1AFC1672001875AD /* Settings.m */; };
		0403B5261AFC1A56001875AD /* LogTableViewController.m in Sources */ = {isa = PBXBuildFile; fileRef = 0403B5251AFC1A56001875AD /* LogTableViewController.m */; };
		0403B52F1AFE598F001875AD /* KGAnnotationView.m in Sources */ = {isa = PBXBuildFile; fileRef = 0403B52E1AFE598F001875AD /* KGAnnotationView.m */; };
		040D4CBC1B1CAB9000FC3152 /* Types.plist in Resources */ = {isa = PBXBuildFile; fileRef = 040D4CBB1B1CAB9000FC3152 /* Types.plist */; };
		043F52971B14E11000D38247 /* KGCalloutTail.m in Sources */ = {isa = PBXBuildFile; fileRef = 043F52961B14E11000D38247 /* KGCalloutTail.m */; };
		045F95391B04EDF400B6B8D7 /* KGMapView.m in Sources */ = {isa = PBXBuildFile; fileRef = 045F95381B04EDF400B6B8D7 /* KGMapView.m */; };
		045F953A1B05365400B6B8D7 /* KGMenuView.m in Sources */ = {isa = PBXBuildFile; fileRef = 04E517E51AE57AB000C56FBC /* KGMenuView.m */; };
		045F953D1B06317500B6B8D7 /* Pins.m in Sources */ = {isa = PBXBuildFile; fileRef = 045F953C1B06317500B6B8D7 /* Pins.m */; };
		045F95401B0641C200B6B8D7 /* KGPinToAnnotationConverter.m in Sources */ = {isa = PBXBuildFile; fileRef = 045F953F1B0641C200B6B8D7 /* KGPinToAnnotationConverter.m */; };
		04636A611B28D11C00B2EA2E /* DiskOperations.m in Sources */ = {isa = PBXBuildFile; fileRef = 04636A601B28D11C00B2EA2E /* DiskOperations.m */; };
		04636A701B29D09200B2EA2E /* KGPulloutMenu.xib in Resources */ = {isa = PBXBuildFile; fileRef = 04636A6F1B29D09200B2EA2E /* KGPulloutMenu.xib */; };
		04636A731B29D0A000B2EA2E /* KGPulloutMenu.m in Sources */ = {isa = PBXBuildFile; fileRef = 04636A721B29D0A000B2EA2E /* KGPulloutMenu.m */; };
		048EAE271AE7FE7C00974E03 /* KGMenuButton.xib in Resources */ = {isa = PBXBuildFile; fileRef = 048EAE261AE7FE7C00974E03 /* KGMenuButton.xib */; };
		048EAE2D1AE7FF1400974E03 /* KGMenuButton.m in Sources */ = {isa = PBXBuildFile; fileRef = 048EAE2C1AE7FF1400974E03 /* KGMenuButton.m */; };
		048EAE331AE9549300974E03 /* UIColor+KGColors.m in Sources */ = {isa = PBXBuildFile; fileRef = 048EAE321AE9549300974E03 /* UIColor+KGColors.m */; };
		048EAE451AE9948800974E03 /* MapKit.framework in Frameworks */ = {isa = PBXBuildFile; fileRef = 048EAE441AE9948800974E03 /* MapKit.framework */; };
		04A6AEE11B273C9100AFE9F7 /* Type.m in Sources */ = {isa = PBXBuildFile; fileRef = 04A6AEE01B273C9100AFE9F7 /* Type.m */; };
		04C7A4301AF90B1200538A36 /* BoldBean.plist in Resources */ = {isa = PBXBuildFile; fileRef = 04C7A42F1AF90B1200538A36 /* BoldBean.plist */; };
		04C7A4361AF920E600538A36 /* RiversideLine.plist in Resources */ = {isa = PBXBuildFile; fileRef = 04C7A4351AF920E600538A36 /* RiversideLine.plist */; };
		04CA5EE21B0E604300A7FF25 /* QuartzCore.framework in Frameworks */ = {isa = PBXBuildFile; fileRef = 04CA5EE11B0E604300A7FF25 /* QuartzCore.framework */; };
		04D5C6401B0241C200B4E842 /* Pin.m in Sources */ = {isa = PBXBuildFile; fileRef = 04D5C63F1B0241C200B4E842 /* Pin.m */; };
		04E517D91AE16BC200C56FBC /* KGCalloutView.xib in Resources */ = {isa = PBXBuildFile; fileRef = 04E517D81AE16BC200C56FBC /* KGCalloutView.xib */; };
		04E517DC1AE16BD100C56FBC /* KGCalloutView.m in Sources */ = {isa = PBXBuildFile; fileRef = 04E517DB1AE16BD100C56FBC /* KGCalloutView.m */; };
		04E517E81AE57AB000C56FBC /* KGMenuView.xib in Resources */ = {isa = PBXBuildFile; fileRef = 04E517E61AE57AB000C56FBC /* KGMenuView.xib */; };
		04E517EC1AE6DE8300C56FBC /* SBCalloutTesterView.xib in Resources */ = {isa = PBXBuildFile; fileRef = 04E517EB1AE6DE8300C56FBC /* SBCalloutTesterView.xib */; };
		04F2DD8E1B1F9C8300C3C546 /* SearchHistory.m in Sources */ = {isa = PBXBuildFile; fileRef = 04F2DD8D1B1F9C8300C3C546 /* SearchHistory.m */; };
		04F9CF961ADEEFF000B6ED9E /* main.m in Sources */ = {isa = PBXBuildFile; fileRef = 04F9CF951ADEEFF000B6ED9E /* main.m */; };
		04F9CF991ADEEFF000B6ED9E /* AppDelegate.m in Sources */ = {isa = PBXBuildFile; fileRef = 04F9CF981ADEEFF000B6ED9E /* AppDelegate.m */; };
		04F9CF9C1ADEEFF000B6ED9E /* KnowGeo.xcdatamodeld in Sources */ = {isa = PBXBuildFile; fileRef = 04F9CF9A1ADEEFF000B6ED9E /* KnowGeo.xcdatamodeld */; };
		04F9CF9F1ADEEFF000B6ED9E /* MainViewController.m in Sources */ = {isa = PBXBuildFile; fileRef = 04F9CF9E1ADEEFF000B6ED9E /* MainViewController.m */; };
		04F9CFA21ADEEFF000B6ED9E /* Main.storyboard in Resources */ = {isa = PBXBuildFile; fileRef = 04F9CFA01ADEEFF000B6ED9E /* Main.storyboard */; };
		04F9CFA41ADEEFF000B6ED9E /* Images.xcassets in Resources */ = {isa = PBXBuildFile; fileRef = 04F9CFA31ADEEFF000B6ED9E /* Images.xcassets */; };
		04F9CFA71ADEEFF000B6ED9E /* LaunchScreen.xib in Resources */ = {isa = PBXBuildFile; fileRef = 04F9CFA51ADEEFF000B6ED9E /* LaunchScreen.xib */; };
		04F9CFB31ADEEFF100B6ED9E /* KnowGeoTests.m in Sources */ = {isa = PBXBuildFile; fileRef = 04F9CFB21ADEEFF100B6ED9E /* KnowGeoTests.m */; };
		04FA6ECF1B03B948002F213B /* KGPointAnnotation.m in Sources */ = {isa = PBXBuildFile; fileRef = 04FA6ECE1B03B948002F213B /* KGPointAnnotation.m */; };
/* End PBXBuildFile section */

/* Begin PBXContainerItemProxy section */
		04F9CFAD1ADEEFF100B6ED9E /* PBXContainerItemProxy */ = {
			isa = PBXContainerItemProxy;
			containerPortal = 04F9CF881ADEEFF000B6ED9E /* Project object */;
			proxyType = 1;
			remoteGlobalIDString = 04F9CF8F1ADEEFF000B6ED9E;
			remoteInfo = KnowGeo;
		};
/* End PBXContainerItemProxy section */

/* Begin PBXFileReference section */
		0403B5171AFC14EE001875AD /* LogEntry.h */ = {isa = PBXFileReference; fileEncoding = 4; lastKnownFileType = sourcecode.c.h; path = LogEntry.h; sourceTree = "<group>"; };
		0403B5181AFC14EE001875AD /* LogEntry.m */ = {isa = PBXFileReference; fileEncoding = 4; lastKnownFileType = sourcecode.c.objc; path = LogEntry.m; sourceTree = "<group>"; };
		0403B51A1AFC1567001875AD /* LogEntries.h */ = {isa = PBXFileReference; fileEncoding = 4; lastKnownFileType = sourcecode.c.h; path = LogEntries.h; sourceTree = "<group>"; };
		0403B51B1AFC1567001875AD /* LogEntries.m */ = {isa = PBXFileReference; fileEncoding = 4; lastKnownFileType = sourcecode.c.objc; path = LogEntries.m; sourceTree = "<group>"; };
		0403B51D1AFC1672001875AD /* Settings.h */ = {isa = PBXFileReference; fileEncoding = 4; lastKnownFileType = sourcecode.c.h; path = Settings.h; sourceTree = "<group>"; };
		0403B51E1AFC1672001875AD /* Settings.m */ = {isa = PBXFileReference; fileEncoding = 4; lastKnownFileType = sourcecode.c.objc; path = Settings.m; sourceTree = "<group>"; };
		0403B5241AFC1A56001875AD /* LogTableViewController.h */ = {isa = PBXFileReference; fileEncoding = 4; lastKnownFileType = sourcecode.c.h; path = LogTableViewController.h; sourceTree = "<group>"; };
		0403B5251AFC1A56001875AD /* LogTableViewController.m */ = {isa = PBXFileReference; fileEncoding = 4; lastKnownFileType = sourcecode.c.objc; path = LogTableViewController.m; sourceTree = "<group>"; };
		0403B52D1AFE598F001875AD /* KGAnnotationView.h */ = {isa = PBXFileReference; fileEncoding = 4; lastKnownFileType = sourcecode.c.h; path = KGAnnotationView.h; sourceTree = "<group>"; };
		0403B52E1AFE598F001875AD /* KGAnnotationView.m */ = {isa = PBXFileReference; fileEncoding = 4; lastKnownFileType = sourcecode.c.objc; path = KGAnnotationView.m; sourceTree = "<group>"; };
		040D4CBB1B1CAB9000FC3152 /* Types.plist */ = {isa = PBXFileReference; fileEncoding = 4; lastKnownFileType = text.plist.xml; path = Types.plist; sourceTree = "<group>"; };
		043F52951B14E11000D38247 /* KGCalloutTail.h */ = {isa = PBXFileReference; fileEncoding = 4; lastKnownFileType = sourcecode.c.h; name = KGCalloutTail.h; path = ../../SandBox/DrawingShapes/DrawingShapes/KGCalloutTail.h; sourceTree = "<group>"; };
		043F52961B14E11000D38247 /* KGCalloutTail.m */ = {isa = PBXFileReference; fileEncoding = 4; lastKnownFileType = sourcecode.c.objc; name = KGCalloutTail.m; path = ../../SandBox/DrawingShapes/DrawingShapes/KGCalloutTail.m; sourceTree = "<group>"; };
		045F95371B04EDF400B6B8D7 /* KGMapView.h */ = {isa = PBXFileReference; fileEncoding = 4; lastKnownFileType = sourcecode.c.h; path = KGMapView.h; sourceTree = "<group>"; };
		045F95381B04EDF400B6B8D7 /* KGMapView.m */ = {isa = PBXFileReference; fileEncoding = 4; lastKnownFileType = sourcecode.c.objc; path = KGMapView.m; sourceTree = "<group>"; };
		045F953B1B06317500B6B8D7 /* Pins.h */ = {isa = PBXFileReference; fileEncoding = 4; lastKnownFileType = sourcecode.c.h; path = Pins.h; sourceTree = "<group>"; };
		045F953C1B06317500B6B8D7 /* Pins.m */ = {isa = PBXFileReference; fileEncoding = 4; lastKnownFileType = sourcecode.c.objc; path = Pins.m; sourceTree = "<group>"; };
		045F953E1B0641C200B6B8D7 /* KGPinToAnnotationConverter.h */ = {isa = PBXFileReference; fileEncoding = 4; lastKnownFileType = sourcecode.c.h; path = KGPinToAnnotationConverter.h; sourceTree = "<group>"; };
		045F953F1B0641C200B6B8D7 /* KGPinToAnnotationConverter.m */ = {isa = PBXFileReference; fileEncoding = 4; lastKnownFileType = sourcecode.c.objc; path = KGPinToAnnotationConverter.m; sourceTree = "<group>"; };
		04636A5F1B28D11C00B2EA2E /* DiskOperations.h */ = {isa = PBXFileReference; fileEncoding = 4; lastKnownFileType = sourcecode.c.h; path = DiskOperations.h; sourceTree = "<group>"; };
		04636A601B28D11C00B2EA2E /* DiskOperations.m */ = {isa = PBXFileReference; fileEncoding = 4; lastKnownFileType = sourcecode.c.objc; path = DiskOperations.m; sourceTree = "<group>"; };
		04636A6F1B29D09200B2EA2E /* KGPulloutMenu.xib */ = {isa = PBXFileReference; fileEncoding = 4; lastKnownFileType = file.xib; path = KGPulloutMenu.xib; sourceTree = "<group>"; };
		04636A711B29D0A000B2EA2E /* KGPulloutMenu.h */ = {isa = PBXFileReference; fileEncoding = 4; lastKnownFileType = sourcecode.c.h; path = KGPulloutMenu.h; sourceTree = "<group>"; };
		04636A721B29D0A000B2EA2E /* KGPulloutMenu.m */ = {isa = PBXFileReference; fileEncoding = 4; lastKnownFileType = sourcecode.c.objc; path = KGPulloutMenu.m; sourceTree = "<group>"; };
		048EAE261AE7FE7C00974E03 /* KGMenuButton.xib */ = {isa = PBXFileReference; fileEncoding = 4; lastKnownFileType = file.xib; path = KGMenuButton.xib; sourceTree = "<group>"; };
		048EAE2B1AE7FF1400974E03 /* KGMenuButton.h */ = {isa = PBXFileReference; fileEncoding = 4; lastKnownFileType = sourcecode.c.h; path = KGMenuButton.h; sourceTree = "<group>"; };
		048EAE2C1AE7FF1400974E03 /* KGMenuButton.m */ = {isa = PBXFileReference; fileEncoding = 4; lastKnownFileType = sourcecode.c.objc; path = KGMenuButton.m; sourceTree = "<group>"; };
		048EAE311AE9549300974E03 /* UIColor+KGColors.h */ = {isa = PBXFileReference; fileEncoding = 4; lastKnownFileType = sourcecode.c.h; path = "UIColor+KGColors.h"; sourceTree = "<group>"; };
		048EAE321AE9549300974E03 /* UIColor+KGColors.m */ = {isa = PBXFileReference; fileEncoding = 4; lastKnownFileType = sourcecode.c.objc; path = "UIColor+KGColors.m"; sourceTree = "<group>"; };
		048EAE441AE9948800974E03 /* MapKit.framework */ = {isa = PBXFileReference; lastKnownFileType = wrapper.framework; name = MapKit.framework; path = System/Library/Frameworks/MapKit.framework; sourceTree = SDKROOT; };
		048EAE521AEAA44C00974E03 /* SBOverlay.h */ = {isa = PBXFileReference; fileEncoding = 4; lastKnownFileType = sourcecode.c.h; path = SBOverlay.h; sourceTree = "<group>"; };
		048EAE531AEAA44C00974E03 /* SBOverlay.m */ = {isa = PBXFileReference; fileEncoding = 4; lastKnownFileType = sourcecode.c.objc; path = SBOverlay.m; sourceTree = "<group>"; };
		048EAE571AEAEE8B00974E03 /* SBOverlayRenderer.h */ = {isa = PBXFileReference; fileEncoding = 4; lastKnownFileType = sourcecode.c.h; path = SBOverlayRenderer.h; sourceTree = "<group>"; };
		048EAE581AEAEE8B00974E03 /* SBOverlayRenderer.m */ = {isa = PBXFileReference; fileEncoding = 4; lastKnownFileType = sourcecode.c.objc; path = SBOverlayRenderer.m; sourceTree = "<group>"; };
		04A6AEDF1B273C9100AFE9F7 /* Type.h */ = {isa = PBXFileReference; fileEncoding = 4; lastKnownFileType = sourcecode.c.h; path = Type.h; sourceTree = "<group>"; };
		04A6AEE01B273C9100AFE9F7 /* Type.m */ = {isa = PBXFileReference; fileEncoding = 4; lastKnownFileType = sourcecode.c.objc; path = Type.m; sourceTree = "<group>"; };
		04C7A42C1AF900C200538A36 /* SBPark.h */ = {isa = PBXFileReference; fileEncoding = 4; lastKnownFileType = sourcecode.c.h; path = SBPark.h; sourceTree = "<group>"; };
		04C7A42D1AF900C200538A36 /* SBPark.m */ = {isa = PBXFileReference; fileEncoding = 4; lastKnownFileType = sourcecode.c.objc; path = SBPark.m; sourceTree = "<group>"; };
		04C7A42F1AF90B1200538A36 /* BoldBean.plist */ = {isa = PBXFileReference; fileEncoding = 4; lastKnownFileType = text.plist.xml; path = BoldBean.plist; sourceTree = "<group>"; };
		04C7A4351AF920E600538A36 /* RiversideLine.plist */ = {isa = PBXFileReference; fileEncoding = 4; lastKnownFileType = text.plist.xml; path = RiversideLine.plist; sourceTree = "<group>"; };
		04C7A4371AF9515E00538A36 /* SBObject.h */ = {isa = PBXFileReference; fileEncoding = 4; lastKnownFileType = sourcecode.c.h; path = SBObject.h; sourceTree = "<group>"; };
		04C7A4381AF9515E00538A36 /* SBObject.m */ = {isa = PBXFileReference; fileEncoding = 4; lastKnownFileType = sourcecode.c.objc; path = SBObject.m; sourceTree = "<group>"; };
		04CA5EE11B0E604300A7FF25 /* QuartzCore.framework */ = {isa = PBXFileReference; lastKnownFileType = wrapper.framework; name = QuartzCore.framework; path = System/Library/Frameworks/QuartzCore.framework; sourceTree = SDKROOT; };
		04D5C63E1B0241C200B4E842 /* Pin.h */ = {isa = PBXFileReference; fileEncoding = 4; lastKnownFileType = sourcecode.c.h; path = Pin.h; sourceTree = "<group>"; };
		04D5C63F1B0241C200B4E842 /* Pin.m */ = {isa = PBXFileReference; fileEncoding = 4; lastKnownFileType = sourcecode.c.objc; path = Pin.m; sourceTree = "<group>"; };
		04E517D81AE16BC200C56FBC /* KGCalloutView.xib */ = {isa = PBXFileReference; fileEncoding = 4; lastKnownFileType = file.xib; path = KGCalloutView.xib; sourceTree = "<group>"; };
		04E517DA1AE16BD100C56FBC /* KGCalloutView.h */ = {isa = PBXFileReference; fileEncoding = 4; lastKnownFileType = sourcecode.c.h; path = KGCalloutView.h; sourceTree = "<group>"; };
		04E517DB1AE16BD100C56FBC /* KGCalloutView.m */ = {isa = PBXFileReference; fileEncoding = 4; lastKnownFileType = sourcecode.c.objc; path = KGCalloutView.m; sourceTree = "<group>"; };
		04E517E41AE57AB000C56FBC /* KGMenuView.h */ = {isa = PBXFileReference; fileEncoding = 4; lastKnownFileType = sourcecode.c.h; path = KGMenuView.h; sourceTree = "<group>"; };
		04E517E51AE57AB000C56FBC /* KGMenuView.m */ = {isa = PBXFileReference; fileEncoding = 4; lastKnownFileType = sourcecode.c.objc; path = KGMenuView.m; sourceTree = "<group>"; };
		04E517E61AE57AB000C56FBC /* KGMenuView.xib */ = {isa = PBXFileReference; fileEncoding = 4; lastKnownFileType = file.xib; path = KGMenuView.xib; sourceTree = "<group>"; };
		04E517EB1AE6DE8300C56FBC /* SBCalloutTesterView.xib */ = {isa = PBXFileReference; fileEncoding = 4; lastKnownFileType = file.xib; path = SBCalloutTesterView.xib; sourceTree = "<group>"; };
		04E517ED1AE6DEA300C56FBC /* SBCalloutTesterView.h */ = {isa = PBXFileReference; fileEncoding = 4; lastKnownFileType = sourcecode.c.h; path = SBCalloutTesterView.h; sourceTree = "<group>"; };
		04E517EE1AE6DEA300C56FBC /* SBCalloutTesterView.m */ = {isa = PBXFileReference; fileEncoding = 4; lastKnownFileType = sourcecode.c.objc; path = SBCalloutTesterView.m; sourceTree = "<group>"; };
		04F2DD8C1B1F9C8300C3C546 /* SearchHistory.h */ = {isa = PBXFileReference; fileEncoding = 4; lastKnownFileType = sourcecode.c.h; path = SearchHistory.h; sourceTree = "<group>"; };
		04F2DD8D1B1F9C8300C3C546 /* SearchHistory.m */ = {isa = PBXFileReference; fileEncoding = 4; lastKnownFileType = sourcecode.c.objc; path = SearchHistory.m; sourceTree = "<group>"; };
		04F9CF901ADEEFF000B6ED9E /* KnowGeo.app */ = {isa = PBXFileReference; explicitFileType = wrapper.application; includeInIndex = 0; path = KnowGeo.app; sourceTree = BUILT_PRODUCTS_DIR; };
		04F9CF941ADEEFF000B6ED9E /* Info.plist */ = {isa = PBXFileReference; lastKnownFileType = text.plist.xml; path = Info.plist; sourceTree = "<group>"; };
		04F9CF951ADEEFF000B6ED9E /* main.m */ = {isa = PBXFileReference; lastKnownFileType = sourcecode.c.objc; path = main.m; sourceTree = "<group>"; };
		04F9CF971ADEEFF000B6ED9E /* AppDelegate.h */ = {isa = PBXFileReference; lastKnownFileType = sourcecode.c.h; path = AppDelegate.h; sourceTree = "<group>"; };
		04F9CF981ADEEFF000B6ED9E /* AppDelegate.m */ = {isa = PBXFileReference; lastKnownFileType = sourcecode.c.objc; path = AppDelegate.m; sourceTree = "<group>"; };
		04F9CF9B1ADEEFF000B6ED9E /* KnowGeo.xcdatamodel */ = {isa = PBXFileReference; lastKnownFileType = wrapper.xcdatamodel; path = KnowGeo.xcdatamodel; sourceTree = "<group>"; };
		04F9CF9D1ADEEFF000B6ED9E /* MainViewController.h */ = {isa = PBXFileReference; lastKnownFileType = sourcecode.c.h; path = MainViewController.h; sourceTree = "<group>"; };
		04F9CF9E1ADEEFF000B6ED9E /* MainViewController.m */ = {isa = PBXFileReference; lastKnownFileType = sourcecode.c.objc; path = MainViewController.m; sourceTree = "<group>"; };
		04F9CFA11ADEEFF000B6ED9E /* Base */ = {isa = PBXFileReference; lastKnownFileType = file.storyboard; name = Base; path = Base.lproj/Main.storyboard; sourceTree = "<group>"; };
		04F9CFA31ADEEFF000B6ED9E /* Images.xcassets */ = {isa = PBXFileReference; lastKnownFileType = folder.assetcatalog; path = Images.xcassets; sourceTree = "<group>"; };
		04F9CFA61ADEEFF000B6ED9E /* Base */ = {isa = PBXFileReference; lastKnownFileType = file.xib; name = Base; path = Base.lproj/LaunchScreen.xib; sourceTree = "<group>"; };
		04F9CFAC1ADEEFF100B6ED9E /* KnowGeoTests.xctest */ = {isa = PBXFileReference; explicitFileType = wrapper.cfbundle; includeInIndex = 0; path = KnowGeoTests.xctest; sourceTree = BUILT_PRODUCTS_DIR; };
		04F9CFB11ADEEFF100B6ED9E /* Info.plist */ = {isa = PBXFileReference; lastKnownFileType = text.plist.xml; path = Info.plist; sourceTree = "<group>"; };
		04F9CFB21ADEEFF100B6ED9E /* KnowGeoTests.m */ = {isa = PBXFileReference; lastKnownFileType = sourcecode.c.objc; path = KnowGeoTests.m; sourceTree = "<group>"; };
		04FA6ECD1B03B948002F213B /* KGPointAnnotation.h */ = {isa = PBXFileReference; fileEncoding = 4; lastKnownFileType = sourcecode.c.h; path = KGPointAnnotation.h; sourceTree = "<group>"; };
		04FA6ECE1B03B948002F213B /* KGPointAnnotation.m */ = {isa = PBXFileReference; fileEncoding = 4; lastKnownFileType = sourcecode.c.objc; path = KGPointAnnotation.m; sourceTree = "<group>"; };
		04FA6ED01B03D7B9002F213B /* SBPin.h */ = {isa = PBXFileReference; fileEncoding = 4; lastKnownFileType = sourcecode.c.h; path = SBPin.h; sourceTree = "<group>"; };
		04FA6ED11B03D7B9002F213B /* SBPin.m */ = {isa = PBXFileReference; fileEncoding = 4; lastKnownFileType = sourcecode.c.objc; path = SBPin.m; sourceTree = "<group>"; };
/* End PBXFileReference section */

/* Begin PBXFrameworksBuildPhase section */
		04F9CF8D1ADEEFF000B6ED9E /* Frameworks */ = {
			isa = PBXFrameworksBuildPhase;
			buildActionMask = 2147483647;
			files = (
				04CA5EE21B0E604300A7FF25 /* QuartzCore.framework in Frameworks */,
				048EAE451AE9948800974E03 /* MapKit.framework in Frameworks */,
			);
			runOnlyForDeploymentPostprocessing = 0;
		};
		04F9CFA91ADEEFF100B6ED9E /* Frameworks */ = {
			isa = PBXFrameworksBuildPhase;
			buildActionMask = 2147483647;
			files = (
			);
			runOnlyForDeploymentPostprocessing = 0;
		};
/* End PBXFrameworksBuildPhase section */

/* Begin PBXGroup section */
		0403B5231AFC1712001875AD /* Models */ = {
			isa = PBXGroup;
			children = (
				04F2DD8C1B1F9C8300C3C546 /* SearchHistory.h */,
				04F2DD8D1B1F9C8300C3C546 /* SearchHistory.m */,
				04D5C63E1B0241C200B4E842 /* Pin.h */,
				04D5C63F1B0241C200B4E842 /* Pin.m */,
				045F953B1B06317500B6B8D7 /* Pins.h */,
				045F953C1B06317500B6B8D7 /* Pins.m */,
				0403B51D1AFC1672001875AD /* Settings.h */,
				0403B51E1AFC1672001875AD /* Settings.m */,
				04A6AEDF1B273C9100AFE9F7 /* Type.h */,
				04A6AEE01B273C9100AFE9F7 /* Type.m */,
			);
			name = Models;
			sourceTree = "<group>";
		};
		0403B5271AFC1B88001875AD /* Views */ = {
			isa = PBXGroup;
			children = (
				0403B52D1AFE598F001875AD /* KGAnnotationView.h */,
				0403B52E1AFE598F001875AD /* KGAnnotationView.m */,
				043F52951B14E11000D38247 /* KGCalloutTail.h */,
				043F52961B14E11000D38247 /* KGCalloutTail.m */,
				04E517DA1AE16BD100C56FBC /* KGCalloutView.h */,
				04E517DB1AE16BD100C56FBC /* KGCalloutView.m */,
				04E517D81AE16BC200C56FBC /* KGCalloutView.xib */,
				045F95371B04EDF400B6B8D7 /* KGMapView.h */,
				045F95381B04EDF400B6B8D7 /* KGMapView.m */,
				048EAE2B1AE7FF1400974E03 /* KGMenuButton.h */,
				048EAE2C1AE7FF1400974E03 /* KGMenuButton.m */,
				048EAE261AE7FE7C00974E03 /* KGMenuButton.xib */,
				04E517E41AE57AB000C56FBC /* KGMenuView.h */,
				04E517E51AE57AB000C56FBC /* KGMenuView.m */,
				04E517E61AE57AB000C56FBC /* KGMenuView.xib */,
				04FA6ECD1B03B948002F213B /* KGPointAnnotation.h */,
				04FA6ECE1B03B948002F213B /* KGPointAnnotation.m */,
				04636A711B29D0A000B2EA2E /* KGPulloutMenu.h */,
				04636A721B29D0A000B2EA2E /* KGPulloutMenu.m */,
				04636A6F1B29D09200B2EA2E /* KGPulloutMenu.xib */,
			);
			name = Views;
			sourceTree = "<group>";
		};
		043F52981B17586E00D38247 /* SandBox */ = {
			isa = PBXGroup;
			children = (
				04C7A42F1AF90B1200538A36 /* BoldBean.plist */,
				04C7A4351AF920E600538A36 /* RiversideLine.plist */,
				04E517ED1AE6DEA300C56FBC /* SBCalloutTesterView.h */,
				04E517EE1AE6DEA300C56FBC /* SBCalloutTesterView.m */,
				04E517EB1AE6DE8300C56FBC /* SBCalloutTesterView.xib */,
				04C7A4371AF9515E00538A36 /* SBObject.h */,
				04C7A4381AF9515E00538A36 /* SBObject.m */,
				048EAE521AEAA44C00974E03 /* SBOverlay.h */,
				048EAE531AEAA44C00974E03 /* SBOverlay.m */,
				048EAE571AEAEE8B00974E03 /* SBOverlayRenderer.h */,
				048EAE581AEAEE8B00974E03 /* SBOverlayRenderer.m */,
				04C7A42C1AF900C200538A36 /* SBPark.h */,
				04C7A42D1AF900C200538A36 /* SBPark.m */,
				04FA6ED01B03D7B9002F213B /* SBPin.h */,
				04FA6ED11B03D7B9002F213B /* SBPin.m */,
			);
			name = SandBox;
			sourceTree = "<group>";
		};
		043F52991B175ABB00D38247 /* Not Implemented */ = {
			isa = PBXGroup;
			children = (
				0403B51A1AFC1567001875AD /* LogEntries.h */,
				0403B51B1AFC1567001875AD /* LogEntries.m */,
				0403B5171AFC14EE001875AD /* LogEntry.h */,
				0403B5181AFC14EE001875AD /* LogEntry.m */,
			);
			name = "Not Implemented";
			sourceTree = "<group>";
		};
		04CA5ED51B0D025700A7FF25 /* ViewControllers */ = {
			isa = PBXGroup;
			children = (
				04F9CF9D1ADEEFF000B6ED9E /* MainViewController.h */,
				04F9CF9E1ADEEFF000B6ED9E /* MainViewController.m */,
				0403B5241AFC1A56001875AD /* LogTableViewController.h */,
				0403B5251AFC1A56001875AD /* LogTableViewController.m */,
			);
			name = ViewControllers;
			sourceTree = "<group>";
		};
		04F9CF871ADEEFF000B6ED9E = {
			isa = PBXGroup;
			children = (
				04CA5EE11B0E604300A7FF25 /* QuartzCore.framework */,
				048EAE441AE9948800974E03 /* MapKit.framework */,
				04F9CF921ADEEFF000B6ED9E /* KnowGeo */,
				04F9CFAF1ADEEFF100B6ED9E /* KnowGeoTests */,
				04F9CF911ADEEFF000B6ED9E /* Products */,
			);
			sourceTree = "<group>";
		};
		04F9CF911ADEEFF000B6ED9E /* Products */ = {
			isa = PBXGroup;
			children = (
				04F9CF901ADEEFF000B6ED9E /* KnowGeo.app */,
				04F9CFAC1ADEEFF100B6ED9E /* KnowGeoTests.xctest */,
			);
			name = Products;
			sourceTree = "<group>";
		};
		04F9CF921ADEEFF000B6ED9E /* KnowGeo */ = {
			isa = PBXGroup;
			children = (
				04F9CF971ADEEFF000B6ED9E /* AppDelegate.h */,
				04F9CF981ADEEFF000B6ED9E /* AppDelegate.m */,
				04F9CFA31ADEEFF000B6ED9E /* Images.xcassets */,
				04F9CF9A1ADEEFF000B6ED9E /* KnowGeo.xcdatamodeld */,
				04F9CFA51ADEEFF000B6ED9E /* LaunchScreen.xib */,
				04F9CFA01ADEEFF000B6ED9E /* Main.storyboard */,
				0403B5231AFC1712001875AD /* Models */,
				043F52991B175ABB00D38247 /* Not Implemented */,
				043F52981B17586E00D38247 /* SandBox */,
				04F9CF931ADEEFF000B6ED9E /* Supporting Files */,
				04CA5ED51B0D025700A7FF25 /* ViewControllers */,
				0403B5271AFC1B88001875AD /* Views */,
			);
			path = KnowGeo;
			sourceTree = "<group>";
		};
		04F9CF931ADEEFF000B6ED9E /* Supporting Files */ = {
			isa = PBXGroup;
			children = (
				04F9CF941ADEEFF000B6ED9E /* Info.plist */,
				045F953E1B0641C200B6B8D7 /* KGPinToAnnotationConverter.h */,
				045F953F1B0641C200B6B8D7 /* KGPinToAnnotationConverter.m */,
				04F9CF951ADEEFF000B6ED9E /* main.m */,
				048EAE311AE9549300974E03 /* UIColor+KGColors.h */,
				048EAE321AE9549300974E03 /* UIColor+KGColors.m */,
				040D4CBB1B1CAB9000FC3152 /* Types.plist */,
				04636A5F1B28D11C00B2EA2E /* DiskOperations.h */,
				04636A601B28D11C00B2EA2E /* DiskOperations.m */,
			);
			name = "Supporting Files";
			sourceTree = "<group>";
		};
		04F9CFAF1ADEEFF100B6ED9E /* KnowGeoTests */ = {
			isa = PBXGroup;
			children = (
				04F9CFB21ADEEFF100B6ED9E /* KnowGeoTests.m */,
				04F9CFB01ADEEFF100B6ED9E /* Supporting Files */,
			);
			path = KnowGeoTests;
			sourceTree = "<group>";
		};
		04F9CFB01ADEEFF100B6ED9E /* Supporting Files */ = {
			isa = PBXGroup;
			children = (
				04F9CFB11ADEEFF100B6ED9E /* Info.plist */,
			);
			name = "Supporting Files";
			sourceTree = "<group>";
		};
/* End PBXGroup section */

/* Begin PBXNativeTarget section */
		04F9CF8F1ADEEFF000B6ED9E /* KnowGeo */ = {
			isa = PBXNativeTarget;
			buildConfigurationList = 04F9CFB61ADEEFF100B6ED9E /* Build configuration list for PBXNativeTarget "KnowGeo" */;
			buildPhases = (
				04F9CF8C1ADEEFF000B6ED9E /* Sources */,
				04F9CF8D1ADEEFF000B6ED9E /* Frameworks */,
				04F9CF8E1ADEEFF000B6ED9E /* Resources */,
			);
			buildRules = (
			);
			dependencies = (
			);
			name = KnowGeo;
			productName = KnowGeo;
			productReference = 04F9CF901ADEEFF000B6ED9E /* KnowGeo.app */;
			productType = "com.apple.product-type.application";
		};
		04F9CFAB1ADEEFF100B6ED9E /* KnowGeoTests */ = {
			isa = PBXNativeTarget;
			buildConfigurationList = 04F9CFB91ADEEFF100B6ED9E /* Build configuration list for PBXNativeTarget "KnowGeoTests" */;
			buildPhases = (
				04F9CFA81ADEEFF100B6ED9E /* Sources */,
				04F9CFA91ADEEFF100B6ED9E /* Frameworks */,
				04F9CFAA1ADEEFF100B6ED9E /* Resources */,
			);
			buildRules = (
			);
			dependencies = (
				04F9CFAE1ADEEFF100B6ED9E /* PBXTargetDependency */,
			);
			name = KnowGeoTests;
			productName = KnowGeoTests;
			productReference = 04F9CFAC1ADEEFF100B6ED9E /* KnowGeoTests.xctest */;
			productType = "com.apple.product-type.bundle.unit-test";
		};
/* End PBXNativeTarget section */

/* Begin PBXProject section */
		04F9CF881ADEEFF000B6ED9E /* Project object */ = {
			isa = PBXProject;
			attributes = {
				LastUpgradeCheck = 0630;
				ORGANIZATIONNAME = "Ten Pandas";
				TargetAttributes = {
					04F9CF8F1ADEEFF000B6ED9E = {
						CreatedOnToolsVersion = 6.3;
						DevelopmentTeam = 45MD8KP67U;
						SystemCapabilities = {
							com.apple.Maps.iOS = {
								enabled = 1;
							};
						};
					};
					04F9CFAB1ADEEFF100B6ED9E = {
						CreatedOnToolsVersion = 6.3;
						TestTargetID = 04F9CF8F1ADEEFF000B6ED9E;
					};
				};
			};
			buildConfigurationList = 04F9CF8B1ADEEFF000B6ED9E /* Build configuration list for PBXProject "KnowGeo" */;
			compatibilityVersion = "Xcode 3.2";
			developmentRegion = English;
			hasScannedForEncodings = 0;
			knownRegions = (
				en,
				Base,
			);
			mainGroup = 04F9CF871ADEEFF000B6ED9E;
			productRefGroup = 04F9CF911ADEEFF000B6ED9E /* Products */;
			projectDirPath = "";
			projectRoot = "";
			targets = (
				04F9CF8F1ADEEFF000B6ED9E /* KnowGeo */,
				04F9CFAB1ADEEFF100B6ED9E /* KnowGeoTests */,
			);
		};
/* End PBXProject section */

/* Begin PBXResourcesBuildPhase section */
		04F9CF8E1ADEEFF000B6ED9E /* Resources */ = {
			isa = PBXResourcesBuildPhase;
			buildActionMask = 2147483647;
			files = (
				04F9CFA21ADEEFF000B6ED9E /* Main.storyboard in Resources */,
				04E517EC1AE6DE8300C56FBC /* SBCalloutTesterView.xib in Resources */,
				04C7A4361AF920E600538A36 /* RiversideLine.plist in Resources */,
				04C7A4301AF90B1200538A36 /* BoldBean.plist in Resources */,
				04F9CFA71ADEEFF000B6ED9E /* LaunchScreen.xib in Resources */,
				04636A701B29D09200B2EA2E /* KGPulloutMenu.xib in Resources */,
				04E517E81AE57AB000C56FBC /* KGMenuView.xib in Resources */,
				04F9CFA41ADEEFF000B6ED9E /* Images.xcassets in Resources */,
				04E517D91AE16BC200C56FBC /* KGCalloutView.xib in Resources */,
				040D4CBC1B1CAB9000FC3152 /* Types.plist in Resources */,
				048EAE271AE7FE7C00974E03 /* KGMenuButton.xib in Resources */,
			);
			runOnlyForDeploymentPostprocessing = 0;
		};
		04F9CFAA1ADEEFF100B6ED9E /* Resources */ = {
			isa = PBXResourcesBuildPhase;
			buildActionMask = 2147483647;
			files = (
			);
			runOnlyForDeploymentPostprocessing = 0;
		};
/* End PBXResourcesBuildPhase section */

/* Begin PBXSourcesBuildPhase section */
		04F9CF8C1ADEEFF000B6ED9E /* Sources */ = {
			isa = PBXSourcesBuildPhase;
			buildActionMask = 2147483647;
			files = (
				045F953A1B05365400B6B8D7 /* KGMenuView.m in Sources */,
				045F953D1B06317500B6B8D7 /* Pins.m in Sources */,
				04D5C6401B0241C200B4E842 /* Pin.m in Sources */,
				0403B51C1AFC1567001875AD /* LogEntries.m in Sources */,
				048EAE331AE9549300974E03 /* UIColor+KGColors.m in Sources */,
				04F9CF991ADEEFF000B6ED9E /* AppDelegate.m in Sources */,
				0403B5261AFC1A56001875AD /* LogTableViewController.m in Sources */,
				045F95401B0641C200B6B8D7 /* KGPinToAnnotationConverter.m in Sources */,
				0403B5191AFC14EE001875AD /* LogEntry.m in Sources */,
				04F9CF961ADEEFF000B6ED9E /* main.m in Sources */,
				04FA6ECF1B03B948002F213B /* KGPointAnnotation.m in Sources */,
				04F9CF9F1ADEEFF000B6ED9E /* MainViewController.m in Sources */,
				04A6AEE11B273C9100AFE9F7 /* Type.m in Sources */,
				04636A731B29D0A000B2EA2E /* KGPulloutMenu.m in Sources */,
				0403B51F1AFC1672001875AD /* Settings.m in Sources */,
				048EAE2D1AE7FF1400974E03 /* KGMenuButton.m in Sources */,
				045F95391B04EDF400B6B8D7 /* KGMapView.m in Sources */,
				04636A611B28D11C00B2EA2E /* DiskOperations.m in Sources */,
				0403B52F1AFE598F001875AD /* KGAnnotationView.m in Sources */,
				04F9CF9C1ADEEFF000B6ED9E /* KnowGeo.xcdatamodeld in Sources */,
				043F52971B14E11000D38247 /* KGCalloutTail.m in Sources */,
				04F2DD8E1B1F9C8300C3C546 /* SearchHistory.m in Sources */,
				04E517DC1AE16BD100C56FBC /* KGCalloutView.m in Sources */,
			);
			runOnlyForDeploymentPostprocessing = 0;
		};
		04F9CFA81ADEEFF100B6ED9E /* Sources */ = {
			isa = PBXSourcesBuildPhase;
			buildActionMask = 2147483647;
			files = (
				04F9CFB31ADEEFF100B6ED9E /* KnowGeoTests.m in Sources */,
			);
			runOnlyForDeploymentPostprocessing = 0;
		};
/* End PBXSourcesBuildPhase section */

/* Begin PBXTargetDependency section */
		04F9CFAE1ADEEFF100B6ED9E /* PBXTargetDependency */ = {
			isa = PBXTargetDependency;
			target = 04F9CF8F1ADEEFF000B6ED9E /* KnowGeo */;
			targetProxy = 04F9CFAD1ADEEFF100B6ED9E /* PBXContainerItemProxy */;
		};
/* End PBXTargetDependency section */

/* Begin PBXVariantGroup section */
		04F9CFA01ADEEFF000B6ED9E /* Main.storyboard */ = {
			isa = PBXVariantGroup;
			children = (
				04F9CFA11ADEEFF000B6ED9E /* Base */,
			);
			name = Main.storyboard;
			sourceTree = "<group>";
		};
		04F9CFA51ADEEFF000B6ED9E /* LaunchScreen.xib */ = {
			isa = PBXVariantGroup;
			children = (
				04F9CFA61ADEEFF000B6ED9E /* Base */,
			);
			name = LaunchScreen.xib;
			sourceTree = "<group>";
		};
/* End PBXVariantGroup section */

/* Begin XCBuildConfiguration section */
		04F9CFB41ADEEFF100B6ED9E /* Debug */ = {
			isa = XCBuildConfiguration;
			buildSettings = {
				ALWAYS_SEARCH_USER_PATHS = NO;
				CLANG_CXX_LANGUAGE_STANDARD = "gnu++0x";
				CLANG_CXX_LIBRARY = "libc++";
				CLANG_ENABLE_MODULES = YES;
				CLANG_ENABLE_OBJC_ARC = YES;
				CLANG_WARN_BOOL_CONVERSION = YES;
				CLANG_WARN_CONSTANT_CONVERSION = YES;
				CLANG_WARN_DIRECT_OBJC_ISA_USAGE = YES_ERROR;
				CLANG_WARN_EMPTY_BODY = YES;
				CLANG_WARN_ENUM_CONVERSION = YES;
				CLANG_WARN_INT_CONVERSION = YES;
				CLANG_WARN_OBJC_ROOT_CLASS = YES_ERROR;
				CLANG_WARN_UNREACHABLE_CODE = YES;
				CLANG_WARN__DUPLICATE_METHOD_MATCH = YES;
				"CODE_SIGN_IDENTITY[sdk=iphoneos*]" = "iPhone Developer";
				COPY_PHASE_STRIP = NO;
				DEBUG_INFORMATION_FORMAT = "dwarf-with-dsym";
				ENABLE_STRICT_OBJC_MSGSEND = YES;
				GCC_C_LANGUAGE_STANDARD = gnu99;
				GCC_DYNAMIC_NO_PIC = NO;
				GCC_NO_COMMON_BLOCKS = YES;
				GCC_OPTIMIZATION_LEVEL = 0;
				GCC_PREPROCESSOR_DEFINITIONS = (
					"DEBUG=1",
					"$(inherited)",
				);
				GCC_SYMBOLS_PRIVATE_EXTERN = NO;
				GCC_WARN_64_TO_32_BIT_CONVERSION = YES;
				GCC_WARN_ABOUT_RETURN_TYPE = YES_ERROR;
				GCC_WARN_UNDECLARED_SELECTOR = YES;
				GCC_WARN_UNINITIALIZED_AUTOS = YES_AGGRESSIVE;
				GCC_WARN_UNUSED_FUNCTION = YES;
				GCC_WARN_UNUSED_VARIABLE = YES;
				IPHONEOS_DEPLOYMENT_TARGET = 8.3;
				MTL_ENABLE_DEBUG_INFO = YES;
				ONLY_ACTIVE_ARCH = YES;
				SDKROOT = iphoneos;
				TARGETED_DEVICE_FAMILY = "1,2";
			};
			name = Debug;
		};
		04F9CFB51ADEEFF100B6ED9E /* Release */ = {
			isa = XCBuildConfiguration;
			buildSettings = {
				ALWAYS_SEARCH_USER_PATHS = NO;
				CLANG_CXX_LANGUAGE_STANDARD = "gnu++0x";
				CLANG_CXX_LIBRARY = "libc++";
				CLANG_ENABLE_MODULES = YES;
				CLANG_ENABLE_OBJC_ARC = YES;
				CLANG_WARN_BOOL_CONVERSION = YES;
				CLANG_WARN_CONSTANT_CONVERSION = YES;
				CLANG_WARN_DIRECT_OBJC_ISA_USAGE = YES_ERROR;
				CLANG_WARN_EMPTY_BODY = YES;
				CLANG_WARN_ENUM_CONVERSION = YES;
				CLANG_WARN_INT_CONVERSION = YES;
				CLANG_WARN_OBJC_ROOT_CLASS = YES_ERROR;
				CLANG_WARN_UNREACHABLE_CODE = YES;
				CLANG_WARN__DUPLICATE_METHOD_MATCH = YES;
				"CODE_SIGN_IDENTITY[sdk=iphoneos*]" = "iPhone Developer";
				COPY_PHASE_STRIP = NO;
				DEBUG_INFORMATION_FORMAT = "dwarf-with-dsym";
				ENABLE_NS_ASSERTIONS = NO;
				ENABLE_STRICT_OBJC_MSGSEND = YES;
				GCC_C_LANGUAGE_STANDARD = gnu99;
				GCC_NO_COMMON_BLOCKS = YES;
				GCC_WARN_64_TO_32_BIT_CONVERSION = YES;
				GCC_WARN_ABOUT_RETURN_TYPE = YES_ERROR;
				GCC_WARN_UNDECLARED_SELECTOR = YES;
				GCC_WARN_UNINITIALIZED_AUTOS = YES_AGGRESSIVE;
				GCC_WARN_UNUSED_FUNCTION = YES;
				GCC_WARN_UNUSED_VARIABLE = YES;
				IPHONEOS_DEPLOYMENT_TARGET = 8.3;
				MTL_ENABLE_DEBUG_INFO = NO;
				SDKROOT = iphoneos;
				TARGETED_DEVICE_FAMILY = "1,2";
				VALIDATE_PRODUCT = YES;
			};
			name = Release;
		};
		04F9CFB71ADEEFF100B6ED9E /* Debug */ = {
			isa = XCBuildConfiguration;
			buildSettings = {
				ASSETCATALOG_COMPILER_APPICON_NAME = AppIcon;
				ASSETCATALOG_COMPILER_LAUNCHIMAGE_NAME = LaunchImage;
				CODE_SIGN_IDENTITY = "iPhone Developer";
				"CODE_SIGN_IDENTITY[sdk=iphoneos*]" = "iPhone Developer";
				INFOPLIST_FILE = "$(SRCROOT)/KnowGeo/Info.plist";
				IPHONEOS_DEPLOYMENT_TARGET = 8.3;
				LD_RUNPATH_SEARCH_PATHS = "$(inherited) @executable_path/Frameworks";
				PRODUCT_NAME = KnowGeo;
				PROVISIONING_PROFILE = "";
				TARGETED_DEVICE_FAMILY = "1,2";
			};
			name = Debug;
		};
		04F9CFB81ADEEFF100B6ED9E /* Release */ = {
			isa = XCBuildConfiguration;
			buildSettings = {
				ASSETCATALOG_COMPILER_APPICON_NAME = AppIcon;
				ASSETCATALOG_COMPILER_LAUNCHIMAGE_NAME = LaunchImage;
				CODE_SIGN_IDENTITY = "iPhone Developer";
				"CODE_SIGN_IDENTITY[sdk=iphoneos*]" = "iPhone Developer";
				INFOPLIST_FILE = "$(SRCROOT)/KnowGeo/Info.plist";
				IPHONEOS_DEPLOYMENT_TARGET = 8.3;
				LD_RUNPATH_SEARCH_PATHS = "$(inherited) @executable_path/Frameworks";
				PRODUCT_NAME = KnowGeo;
				PROVISIONING_PROFILE = "";
				TARGETED_DEVICE_FAMILY = "1,2";
			};
			name = Release;
		};
		04F9CFBA1ADEEFF100B6ED9E /* Debug */ = {
			isa = XCBuildConfiguration;
			buildSettings = {
				BUNDLE_LOADER = "$(TEST_HOST)";
				FRAMEWORK_SEARCH_PATHS = (
					"$(SDKROOT)/Developer/Library/Frameworks",
					"$(inherited)",
				);
				GCC_PREPROCESSOR_DEFINITIONS = (
					"DEBUG=1",
					"$(inherited)",
				);
				INFOPLIST_FILE = KnowGeoTests/Info.plist;
				LD_RUNPATH_SEARCH_PATHS = "$(inherited) @executable_path/Frameworks @loader_path/Frameworks";
				PRODUCT_NAME = KnowGeoTests;
				TEST_HOST = "$(BUILT_PRODUCTS_DIR)/KnowGeo.app/KnowGeo";
			};
			name = Debug;
		};
		04F9CFBB1ADEEFF100B6ED9E /* Release */ = {
			isa = XCBuildConfiguration;
			buildSettings = {
				BUNDLE_LOADER = "$(TEST_HOST)";
				FRAMEWORK_SEARCH_PATHS = (
					"$(SDKROOT)/Developer/Library/Frameworks",
					"$(inherited)",
				);
				INFOPLIST_FILE = KnowGeoTests/Info.plist;
				LD_RUNPATH_SEARCH_PATHS = "$(inherited) @executable_path/Frameworks @loader_path/Frameworks";
				PRODUCT_NAME = KnowGeoTests;
				TEST_HOST = "$(BUILT_PRODUCTS_DIR)/KnowGeo.app/KnowGeo";
			};
			name = Release;
		};
/* End XCBuildConfiguration section */

/* Begin XCConfigurationList section */
		04F9CF8B1ADEEFF000B6ED9E /* Build configuration list for PBXProject "KnowGeo" */ = {
			isa = XCConfigurationList;
			buildConfigurations = (
				04F9CFB41ADEEFF100B6ED9E /* Debug */,
				04F9CFB51ADEEFF100B6ED9E /* Release */,
			);
			defaultConfigurationIsVisible = 0;
			defaultConfigurationName = Release;
		};
		04F9CFB61ADEEFF100B6ED9E /* Build configuration list for PBXNativeTarget "KnowGeo" */ = {
			isa = XCConfigurationList;
			buildConfigurations = (
				04F9CFB71ADEEFF100B6ED9E /* Debug */,
				04F9CFB81ADEEFF100B6ED9E /* Release */,
			);
			defaultConfigurationIsVisible = 0;
			defaultConfigurationName = Release;
		};
		04F9CFB91ADEEFF100B6ED9E /* Build configuration list for PBXNativeTarget "KnowGeoTests" */ = {
			isa = XCConfigurationList;
			buildConfigurations = (
				04F9CFBA1ADEEFF100B6ED9E /* Debug */,
				04F9CFBB1ADEEFF100B6ED9E /* Release */,
			);
			defaultConfigurationIsVisible = 0;
			defaultConfigurationName = Release;
		};
/* End XCConfigurationList section */

/* Begin XCVersionGroup section */
		04F9CF9A1ADEEFF000B6ED9E /* KnowGeo.xcdatamodeld */ = {
			isa = XCVersionGroup;
			children = (
				04F9CF9B1ADEEFF000B6ED9E /* KnowGeo.xcdatamodel */,
			);
			currentVersion = 04F9CF9B1ADEEFF000B6ED9E /* KnowGeo.xcdatamodel */;
			path = KnowGeo.xcdatamodeld;
			sourceTree = "<group>";
			versionGroupType = wrapper.xcdatamodel;
		};
/* End XCVersionGroup section */
	};
	rootObject = 04F9CF881ADEEFF000B6ED9E /* Project object */;
}
