// !$*UTF8*$!
{
	archiveVersion = 1;
	classes = {
	};
	objectVersion = 46;
	objects = {

/* Begin PBXBuildFile section */
		048EAE271AE7FE7C00974E03 /* KGMenuButton.xib in Resources */ = {isa = PBXBuildFile; fileRef = 048EAE261AE7FE7C00974E03 /* KGMenuButton.xib */; };
		048EAE2D1AE7FF1400974E03 /* KGMenuButton.m in Sources */ = {isa = PBXBuildFile; fileRef = 048EAE2C1AE7FF1400974E03 /* KGMenuButton.m */; };
		048EAE331AE9549300974E03 /* UIColor+KGColors.m in Sources */ = {isa = PBXBuildFile; fileRef = 048EAE321AE9549300974E03 /* UIColor+KGColors.m */; };
		048EAE451AE9948800974E03 /* MapKit.framework in Frameworks */ = {isa = PBXBuildFile; fileRef = 048EAE441AE9948800974E03 /* MapKit.framework */; };
		048EAE4F1AEAA13F00974E03 /* PVParkMapOverlay.m in Sources */ = {isa = PBXBuildFile; fileRef = 048EAE4A1AEAA13F00974E03 /* PVParkMapOverlay.m */; };
		048EAE501AEAA13F00974E03 /* PVParkMapOverlayView.m in Sources */ = {isa = PBXBuildFile; fileRef = 048EAE4C1AEAA13F00974E03 /* PVParkMapOverlayView.m */; };
		048EAE511AEAA13F00974E03 /* PVParkMapViewController.m in Sources */ = {isa = PBXBuildFile; fileRef = 048EAE4E1AEAA13F00974E03 /* PVParkMapViewController.m */; };
		048EAE541AEAA44C00974E03 /* KGOverlay.m in Sources */ = {isa = PBXBuildFile; fileRef = 048EAE531AEAA44C00974E03 /* KGOverlay.m */; };
		048EAE561AEAEE4900974E03 /* overlay_park.png in Resources */ = {isa = PBXBuildFile; fileRef = 048EAE551AEAEE4900974E03 /* overlay_park.png */; };
		048EAE591AEAEE8B00974E03 /* KGMapOverlayView.m in Sources */ = {isa = PBXBuildFile; fileRef = 048EAE581AEAEE8B00974E03 /* KGMapOverlayView.m */; };
		04E517D91AE16BC200C56FBC /* KGCalloutView.xib in Resources */ = {isa = PBXBuildFile; fileRef = 04E517D81AE16BC200C56FBC /* KGCalloutView.xib */; };
		04E517DC1AE16BD100C56FBC /* KGCalloutView.m in Sources */ = {isa = PBXBuildFile; fileRef = 04E517DB1AE16BD100C56FBC /* KGCalloutView.m */; };
		04E517E71AE57AB000C56FBC /* KGMenuView.m in Sources */ = {isa = PBXBuildFile; fileRef = 04E517E51AE57AB000C56FBC /* KGMenuView.m */; };
		04E517E81AE57AB000C56FBC /* KGMenuView.xib in Resources */ = {isa = PBXBuildFile; fileRef = 04E517E61AE57AB000C56FBC /* KGMenuView.xib */; };
		04E517EC1AE6DE8300C56FBC /* KGCalloutTesterView.xib in Resources */ = {isa = PBXBuildFile; fileRef = 04E517EB1AE6DE8300C56FBC /* KGCalloutTesterView.xib */; };
		04E517EF1AE6DEA300C56FBC /* KGCalloutTesterView.m in Sources */ = {isa = PBXBuildFile; fileRef = 04E517EE1AE6DEA300C56FBC /* KGCalloutTesterView.m */; };
		04F9CF961ADEEFF000B6ED9E /* main.m in Sources */ = {isa = PBXBuildFile; fileRef = 04F9CF951ADEEFF000B6ED9E /* main.m */; };
		04F9CF991ADEEFF000B6ED9E /* AppDelegate.m in Sources */ = {isa = PBXBuildFile; fileRef = 04F9CF981ADEEFF000B6ED9E /* AppDelegate.m */; };
		04F9CF9C1ADEEFF000B6ED9E /* KnowGeo.xcdatamodeld in Sources */ = {isa = PBXBuildFile; fileRef = 04F9CF9A1ADEEFF000B6ED9E /* KnowGeo.xcdatamodeld */; };
		04F9CF9F1ADEEFF000B6ED9E /* ViewController.m in Sources */ = {isa = PBXBuildFile; fileRef = 04F9CF9E1ADEEFF000B6ED9E /* ViewController.m */; };
		04F9CFA21ADEEFF000B6ED9E /* Main.storyboard in Resources */ = {isa = PBXBuildFile; fileRef = 04F9CFA01ADEEFF000B6ED9E /* Main.storyboard */; };
		04F9CFA41ADEEFF000B6ED9E /* Images.xcassets in Resources */ = {isa = PBXBuildFile; fileRef = 04F9CFA31ADEEFF000B6ED9E /* Images.xcassets */; };
		04F9CFA71ADEEFF000B6ED9E /* LaunchScreen.xib in Resources */ = {isa = PBXBuildFile; fileRef = 04F9CFA51ADEEFF000B6ED9E /* LaunchScreen.xib */; };
		04F9CFB31ADEEFF100B6ED9E /* KnowGeoTests.m in Sources */ = {isa = PBXBuildFile; fileRef = 04F9CFB21ADEEFF100B6ED9E /* KnowGeoTests.m */; };
/* End PBXBuildFile section */

/* Begin PBXContainerItemProxy section */
		04F9CFAD1ADEEFF100B6ED9E /* PBXContainerItemProxy */ = {
			isa = PBXContainerItemProxy;
			containerPortal = 04F9CF881ADEEFF000B6ED9E /* Project object */;
			proxyType = 1;
			remoteGlobalIDString = 04F9CF8F1ADEEFF000B6ED9E;
			remoteInfo = KnowGeo;
		};
/* End PBXContainerItemProxy section */

/* Begin PBXFileReference section */
		048EAE261AE7FE7C00974E03 /* KGMenuButton.xib */ = {isa = PBXFileReference; fileEncoding = 4; lastKnownFileType = file.xib; path = KGMenuButton.xib; sourceTree = "<group>"; };
		048EAE2B1AE7FF1400974E03 /* KGMenuButton.h */ = {isa = PBXFileReference; fileEncoding = 4; lastKnownFileType = sourcecode.c.h; path = KGMenuButton.h; sourceTree = "<group>"; };
		048EAE2C1AE7FF1400974E03 /* KGMenuButton.m */ = {isa = PBXFileReference; fileEncoding = 4; lastKnownFileType = sourcecode.c.objc; path = KGMenuButton.m; sourceTree = "<group>"; };
		048EAE311AE9549300974E03 /* UIColor+KGColors.h */ = {isa = PBXFileReference; fileEncoding = 4; lastKnownFileType = sourcecode.c.h; path = "UIColor+KGColors.h"; sourceTree = "<group>"; };
		048EAE321AE9549300974E03 /* UIColor+KGColors.m */ = {isa = PBXFileReference; fileEncoding = 4; lastKnownFileType = sourcecode.c.objc; path = "UIColor+KGColors.m"; sourceTree = "<group>"; };
		048EAE441AE9948800974E03 /* MapKit.framework */ = {isa = PBXFileReference; lastKnownFileType = wrapper.framework; name = MapKit.framework; path = System/Library/Frameworks/MapKit.framework; sourceTree = SDKROOT; };
		048EAE491AEAA13F00974E03 /* PVParkMapOverlay.h */ = {isa = PBXFileReference; fileEncoding = 4; lastKnownFileType = sourcecode.c.h; path = PVParkMapOverlay.h; sourceTree = "<group>"; };
		048EAE4A1AEAA13F00974E03 /* PVParkMapOverlay.m */ = {isa = PBXFileReference; fileEncoding = 4; lastKnownFileType = sourcecode.c.objc; path = PVParkMapOverlay.m; sourceTree = "<group>"; };
		048EAE4B1AEAA13F00974E03 /* PVParkMapOverlayView.h */ = {isa = PBXFileReference; fileEncoding = 4; lastKnownFileType = sourcecode.c.h; path = PVParkMapOverlayView.h; sourceTree = "<group>"; };
		048EAE4C1AEAA13F00974E03 /* PVParkMapOverlayView.m */ = {isa = PBXFileReference; fileEncoding = 4; lastKnownFileType = sourcecode.c.objc; path = PVParkMapOverlayView.m; sourceTree = "<group>"; };
		048EAE4D1AEAA13F00974E03 /* PVParkMapViewController.h */ = {isa = PBXFileReference; fileEncoding = 4; lastKnownFileType = sourcecode.c.h; path = PVParkMapViewController.h; sourceTree = "<group>"; };
		048EAE4E1AEAA13F00974E03 /* PVParkMapViewController.m */ = {isa = PBXFileReference; fileEncoding = 4; lastKnownFileType = sourcecode.c.objc; path = PVParkMapViewController.m; sourceTree = "<group>"; };
		048EAE521AEAA44C00974E03 /* KGOverlay.h */ = {isa = PBXFileReference; fileEncoding = 4; lastKnownFileType = sourcecode.c.h; path = KGOverlay.h; sourceTree = "<group>"; };
		048EAE531AEAA44C00974E03 /* KGOverlay.m */ = {isa = PBXFileReference; fileEncoding = 4; lastKnownFileType = sourcecode.c.objc; path = KGOverlay.m; sourceTree = "<group>"; };
		048EAE551AEAEE4900974E03 /* overlay_park.png */ = {isa = PBXFileReference; lastKnownFileType = image.png; path = overlay_park.png; sourceTree = "<group>"; };
		048EAE571AEAEE8B00974E03 /* KGMapOverlayView.h */ = {isa = PBXFileReference; fileEncoding = 4; lastKnownFileType = sourcecode.c.h; path = KGMapOverlayView.h; sourceTree = "<group>"; };
		048EAE581AEAEE8B00974E03 /* KGMapOverlayView.m */ = {isa = PBXFileReference; fileEncoding = 4; lastKnownFileType = sourcecode.c.objc; path = KGMapOverlayView.m; sourceTree = "<group>"; };
		04E517D81AE16BC200C56FBC /* KGCalloutView.xib */ = {isa = PBXFileReference; fileEncoding = 4; lastKnownFileType = file.xib; path = KGCalloutView.xib; sourceTree = "<group>"; };
		04E517DA1AE16BD100C56FBC /* KGCalloutView.h */ = {isa = PBXFileReference; fileEncoding = 4; lastKnownFileType = sourcecode.c.h; path = KGCalloutView.h; sourceTree = "<group>"; };
		04E517DB1AE16BD100C56FBC /* KGCalloutView.m */ = {isa = PBXFileReference; fileEncoding = 4; lastKnownFileType = sourcecode.c.objc; path = KGCalloutView.m; sourceTree = "<group>"; };
		04E517E41AE57AB000C56FBC /* KGMenuView.h */ = {isa = PBXFileReference; fileEncoding = 4; lastKnownFileType = sourcecode.c.h; path = KGMenuView.h; sourceTree = "<group>"; };
		04E517E51AE57AB000C56FBC /* KGMenuView.m */ = {isa = PBXFileReference; fileEncoding = 4; lastKnownFileType = sourcecode.c.objc; path = KGMenuView.m; sourceTree = "<group>"; };
		04E517E61AE57AB000C56FBC /* KGMenuView.xib */ = {isa = PBXFileReference; fileEncoding = 4; lastKnownFileType = file.xib; path = KGMenuView.xib; sourceTree = "<group>"; };
		04E517EB1AE6DE8300C56FBC /* KGCalloutTesterView.xib */ = {isa = PBXFileReference; fileEncoding = 4; lastKnownFileType = file.xib; path = KGCalloutTesterView.xib; sourceTree = "<group>"; };
		04E517ED1AE6DEA300C56FBC /* KGCalloutTesterView.h */ = {isa = PBXFileReference; fileEncoding = 4; lastKnownFileType = sourcecode.c.h; path = KGCalloutTesterView.h; sourceTree = "<group>"; };
		04E517EE1AE6DEA300C56FBC /* KGCalloutTesterView.m */ = {isa = PBXFileReference; fileEncoding = 4; lastKnownFileType = sourcecode.c.objc; path = KGCalloutTesterView.m; sourceTree = "<group>"; };
		04F9CF901ADEEFF000B6ED9E /* KnowGeo.app */ = {isa = PBXFileReference; explicitFileType = wrapper.application; includeInIndex = 0; path = KnowGeo.app; sourceTree = BUILT_PRODUCTS_DIR; };
		04F9CF941ADEEFF000B6ED9E /* Info.plist */ = {isa = PBXFileReference; lastKnownFileType = text.plist.xml; path = Info.plist; sourceTree = "<group>"; };
		04F9CF951ADEEFF000B6ED9E /* main.m */ = {isa = PBXFileReference; lastKnownFileType = sourcecode.c.objc; path = main.m; sourceTree = "<group>"; };
		04F9CF971ADEEFF000B6ED9E /* AppDelegate.h */ = {isa = PBXFileReference; lastKnownFileType = sourcecode.c.h; path = AppDelegate.h; sourceTree = "<group>"; };
		04F9CF981ADEEFF000B6ED9E /* AppDelegate.m */ = {isa = PBXFileReference; lastKnownFileType = sourcecode.c.objc; path = AppDelegate.m; sourceTree = "<group>"; };
		04F9CF9B1ADEEFF000B6ED9E /* KnowGeo.xcdatamodel */ = {isa = PBXFileReference; lastKnownFileType = wrapper.xcdatamodel; path = KnowGeo.xcdatamodel; sourceTree = "<group>"; };
		04F9CF9D1ADEEFF000B6ED9E /* ViewController.h */ = {isa = PBXFileReference; lastKnownFileType = sourcecode.c.h; path = ViewController.h; sourceTree = "<group>"; };
		04F9CF9E1ADEEFF000B6ED9E /* ViewController.m */ = {isa = PBXFileReference; lastKnownFileType = sourcecode.c.objc; path = ViewController.m; sourceTree = "<group>"; };
		04F9CFA11ADEEFF000B6ED9E /* Base */ = {isa = PBXFileReference; lastKnownFileType = file.storyboard; name = Base; path = Base.lproj/Main.storyboard; sourceTree = "<group>"; };
		04F9CFA31ADEEFF000B6ED9E /* Images.xcassets */ = {isa = PBXFileReference; lastKnownFileType = folder.assetcatalog; path = Images.xcassets; sourceTree = "<group>"; };
		04F9CFA61ADEEFF000B6ED9E /* Base */ = {isa = PBXFileReference; lastKnownFileType = file.xib; name = Base; path = Base.lproj/LaunchScreen.xib; sourceTree = "<group>"; };
		04F9CFAC1ADEEFF100B6ED9E /* KnowGeoTests.xctest */ = {isa = PBXFileReference; explicitFileType = wrapper.cfbundle; includeInIndex = 0; path = KnowGeoTests.xctest; sourceTree = BUILT_PRODUCTS_DIR; };
		04F9CFB11ADEEFF100B6ED9E /* Info.plist */ = {isa = PBXFileReference; lastKnownFileType = text.plist.xml; path = Info.plist; sourceTree = "<group>"; };
		04F9CFB21ADEEFF100B6ED9E /* KnowGeoTests.m */ = {isa = PBXFileReference; lastKnownFileType = sourcecode.c.objc; path = KnowGeoTests.m; sourceTree = "<group>"; };
/* End PBXFileReference section */

/* Begin PBXFrameworksBuildPhase section */
		04F9CF8D1ADEEFF000B6ED9E /* Frameworks */ = {
			isa = PBXFrameworksBuildPhase;
			buildActionMask = 2147483647;
			files = (
				048EAE451AE9948800974E03 /* MapKit.framework in Frameworks */,
			);
			runOnlyForDeploymentPostprocessing = 0;
		};
		04F9CFA91ADEEFF100B6ED9E /* Frameworks */ = {
			isa = PBXFrameworksBuildPhase;
			buildActionMask = 2147483647;
			files = (
			);
			runOnlyForDeploymentPostprocessing = 0;
		};
/* End PBXFrameworksBuildPhase section */

/* Begin PBXGroup section */
		04F9CF871ADEEFF000B6ED9E = {
			isa = PBXGroup;
			children = (
				048EAE441AE9948800974E03 /* MapKit.framework */,
				04F9CF921ADEEFF000B6ED9E /* KnowGeo */,
				04F9CFAF1ADEEFF100B6ED9E /* KnowGeoTests */,
				04F9CF911ADEEFF000B6ED9E /* Products */,
			);
			sourceTree = "<group>";
		};
		04F9CF911ADEEFF000B6ED9E /* Products */ = {
			isa = PBXGroup;
			children = (
				04F9CF901ADEEFF000B6ED9E /* KnowGeo.app */,
				04F9CFAC1ADEEFF100B6ED9E /* KnowGeoTests.xctest */,
			);
			name = Products;
			sourceTree = "<group>";
		};
		04F9CF921ADEEFF000B6ED9E /* KnowGeo */ = {
			isa = PBXGroup;
			children = (
				048EAE551AEAEE4900974E03 /* overlay_park.png */,
				048EAE491AEAA13F00974E03 /* PVParkMapOverlay.h */,
				048EAE4A1AEAA13F00974E03 /* PVParkMapOverlay.m */,
				048EAE4B1AEAA13F00974E03 /* PVParkMapOverlayView.h */,
				048EAE4C1AEAA13F00974E03 /* PVParkMapOverlayView.m */,
				048EAE4D1AEAA13F00974E03 /* PVParkMapViewController.h */,
				048EAE4E1AEAA13F00974E03 /* PVParkMapViewController.m */,
				04F9CF971ADEEFF000B6ED9E /* AppDelegate.h */,
				04F9CF981ADEEFF000B6ED9E /* AppDelegate.m */,
				04F9CF9D1ADEEFF000B6ED9E /* ViewController.h */,
				04F9CF9E1ADEEFF000B6ED9E /* ViewController.m */,
				04F9CFA01ADEEFF000B6ED9E /* Main.storyboard */,
				04F9CFA31ADEEFF000B6ED9E /* Images.xcassets */,
				04F9CFA51ADEEFF000B6ED9E /* LaunchScreen.xib */,
				04F9CF9A1ADEEFF000B6ED9E /* KnowGeo.xcdatamodeld */,
				04F9CF931ADEEFF000B6ED9E /* Supporting Files */,
				04E517D81AE16BC200C56FBC /* KGCalloutView.xib */,
				04E517DA1AE16BD100C56FBC /* KGCalloutView.h */,
				04E517DB1AE16BD100C56FBC /* KGCalloutView.m */,
				04E517EB1AE6DE8300C56FBC /* KGCalloutTesterView.xib */,
				04E517ED1AE6DEA300C56FBC /* KGCalloutTesterView.h */,
				04E517EE1AE6DEA300C56FBC /* KGCalloutTesterView.m */,
				04E517E61AE57AB000C56FBC /* KGMenuView.xib */,
				04E517E41AE57AB000C56FBC /* KGMenuView.h */,
				04E517E51AE57AB000C56FBC /* KGMenuView.m */,
				048EAE261AE7FE7C00974E03 /* KGMenuButton.xib */,
				048EAE2B1AE7FF1400974E03 /* KGMenuButton.h */,
				048EAE2C1AE7FF1400974E03 /* KGMenuButton.m */,
				048EAE311AE9549300974E03 /* UIColor+KGColors.h */,
				048EAE321AE9549300974E03 /* UIColor+KGColors.m */,
				048EAE521AEAA44C00974E03 /* KGOverlay.h */,
				048EAE531AEAA44C00974E03 /* KGOverlay.m */,
				048EAE571AEAEE8B00974E03 /* KGMapOverlayView.h */,
				048EAE581AEAEE8B00974E03 /* KGMapOverlayView.m */,
			);
			path = KnowGeo;
			sourceTree = "<group>";
		};
		04F9CF931ADEEFF000B6ED9E /* Supporting Files */ = {
			isa = PBXGroup;
			children = (
				04F9CF941ADEEFF000B6ED9E /* Info.plist */,
				04F9CF951ADEEFF000B6ED9E /* main.m */,
			);
			name = "Supporting Files";
			sourceTree = "<group>";
		};
		04F9CFAF1ADEEFF100B6ED9E /* KnowGeoTests */ = {
			isa = PBXGroup;
			children = (
				04F9CFB21ADEEFF100B6ED9E /* KnowGeoTests.m */,
				04F9CFB01ADEEFF100B6ED9E /* Supporting Files */,
			);
			path = KnowGeoTests;
			sourceTree = "<group>";
		};
		04F9CFB01ADEEFF100B6ED9E /* Supporting Files */ = {
			isa = PBXGroup;
			children = (
				04F9CFB11ADEEFF100B6ED9E /* Info.plist */,
			);
			name = "Supporting Files";
			sourceTree = "<group>";
		};
/* End PBXGroup section */

/* Begin PBXNativeTarget section */
		04F9CF8F1ADEEFF000B6ED9E /* KnowGeo */ = {
			isa = PBXNativeTarget;
			buildConfigurationList = 04F9CFB61ADEEFF100B6ED9E /* Build configuration list for PBXNativeTarget "KnowGeo" */;
			buildPhases = (
				04F9CF8C1ADEEFF000B6ED9E /* Sources */,
				04F9CF8D1ADEEFF000B6ED9E /* Frameworks */,
				04F9CF8E1ADEEFF000B6ED9E /* Resources */,
			);
			buildRules = (
			);
			dependencies = (
			);
			name = KnowGeo;
			productName = KnowGeo;
			productReference = 04F9CF901ADEEFF000B6ED9E /* KnowGeo.app */;
			productType = "com.apple.product-type.application";
		};
		04F9CFAB1ADEEFF100B6ED9E /* KnowGeoTests */ = {
			isa = PBXNativeTarget;
			buildConfigurationList = 04F9CFB91ADEEFF100B6ED9E /* Build configuration list for PBXNativeTarget "KnowGeoTests" */;
			buildPhases = (
				04F9CFA81ADEEFF100B6ED9E /* Sources */,
				04F9CFA91ADEEFF100B6ED9E /* Frameworks */,
				04F9CFAA1ADEEFF100B6ED9E /* Resources */,
			);
			buildRules = (
			);
			dependencies = (
				04F9CFAE1ADEEFF100B6ED9E /* PBXTargetDependency */,
			);
			name = KnowGeoTests;
			productName = KnowGeoTests;
			productReference = 04F9CFAC1ADEEFF100B6ED9E /* KnowGeoTests.xctest */;
			productType = "com.apple.product-type.bundle.unit-test";
		};
/* End PBXNativeTarget section */

/* Begin PBXProject section */
		04F9CF881ADEEFF000B6ED9E /* Project object */ = {
			isa = PBXProject;
			attributes = {
				LastUpgradeCheck = 0630;
				ORGANIZATIONNAME = "Ten Pandas";
				TargetAttributes = {
					04F9CF8F1ADEEFF000B6ED9E = {
						CreatedOnToolsVersion = 6.3;
						SystemCapabilities = {
							com.apple.Maps.iOS = {
								enabled = 1;
							};
						};
					};
					04F9CFAB1ADEEFF100B6ED9E = {
						CreatedOnToolsVersion = 6.3;
						TestTargetID = 04F9CF8F1ADEEFF000B6ED9E;
					};
				};
			};
			buildConfigurationList = 04F9CF8B1ADEEFF000B6ED9E /* Build configuration list for PBXProject "KnowGeo" */;
			compatibilityVersion = "Xcode 3.2";
			developmentRegion = English;
			hasScannedForEncodings = 0;
			knownRegions = (
				en,
				Base,
			);
			mainGroup = 04F9CF871ADEEFF000B6ED9E;
			productRefGroup = 04F9CF911ADEEFF000B6ED9E /* Products */;
			projectDirPath = "";
			projectRoot = "";
			targets = (
				04F9CF8F1ADEEFF000B6ED9E /* KnowGeo */,
				04F9CFAB1ADEEFF100B6ED9E /* KnowGeoTests */,
			);
		};
/* End PBXProject section */

/* Begin PBXResourcesBuildPhase section */
		04F9CF8E1ADEEFF000B6ED9E /* Resources */ = {
			isa = PBXResourcesBuildPhase;
			buildActionMask = 2147483647;
			files = (
				04F9CFA21ADEEFF000B6ED9E /* Main.storyboard in Resources */,
				04E517EC1AE6DE8300C56FBC /* KGCalloutTesterView.xib in Resources */,
				048EAE561AEAEE4900974E03 /* overlay_park.png in Resources */,
				04F9CFA71ADEEFF000B6ED9E /* LaunchScreen.xib in Resources */,
				04E517E81AE57AB000C56FBC /* KGMenuView.xib in Resources */,
				04F9CFA41ADEEFF000B6ED9E /* Images.xcassets in Resources */,
				04E517D91AE16BC200C56FBC /* KGCalloutView.xib in Resources */,
				048EAE271AE7FE7C00974E03 /* KGMenuButton.xib in Resources */,
			);
			runOnlyForDeploymentPostprocessing = 0;
		};
		04F9CFAA1ADEEFF100B6ED9E /* Resources */ = {
			isa = PBXResourcesBuildPhase;
			buildActionMask = 2147483647;
			files = (
			);
			runOnlyForDeploymentPostprocessing = 0;
		};
/* End PBXResourcesBuildPhase section */

/* Begin PBXSourcesBuildPhase section */
		04F9CF8C1ADEEFF000B6ED9E /* Sources */ = {
			isa = PBXSourcesBuildPhase;
			buildActionMask = 2147483647;
			files = (
				048EAE591AEAEE8B00974E03 /* KGMapOverlayView.m in Sources */,
				04E517EF1AE6DEA300C56FBC /* KGCalloutTesterView.m in Sources */,
				048EAE511AEAA13F00974E03 /* PVParkMapViewController.m in Sources */,
				048EAE331AE9549300974E03 /* UIColor+KGColors.m in Sources */,
				04F9CF991ADEEFF000B6ED9E /* AppDelegate.m in Sources */,
				048EAE4F1AEAA13F00974E03 /* PVParkMapOverlay.m in Sources */,
				048EAE541AEAA44C00974E03 /* KGOverlay.m in Sources */,
				04F9CF961ADEEFF000B6ED9E /* main.m in Sources */,
				04F9CF9F1ADEEFF000B6ED9E /* ViewController.m in Sources */,
				048EAE2D1AE7FF1400974E03 /* KGMenuButton.m in Sources */,
				04F9CF9C1ADEEFF000B6ED9E /* KnowGeo.xcdatamodeld in Sources */,
				04E517DC1AE16BD100C56FBC /* KGCalloutView.m in Sources */,
				04E517E71AE57AB000C56FBC /* KGMenuView.m in Sources */,
				048EAE501AEAA13F00974E03 /* PVParkMapOverlayView.m in Sources */,
			);
			runOnlyForDeploymentPostprocessing = 0;
		};
		04F9CFA81ADEEFF100B6ED9E /* Sources */ = {
			isa = PBXSourcesBuildPhase;
			buildActionMask = 2147483647;
			files = (
				04F9CFB31ADEEFF100B6ED9E /* KnowGeoTests.m in Sources */,
			);
			runOnlyForDeploymentPostprocessing = 0;
		};
/* End PBXSourcesBuildPhase section */

/* Begin PBXTargetDependency section */
		04F9CFAE1ADEEFF100B6ED9E /* PBXTargetDependency */ = {
			isa = PBXTargetDependency;
			target = 04F9CF8F1ADEEFF000B6ED9E /* KnowGeo */;
			targetProxy = 04F9CFAD1ADEEFF100B6ED9E /* PBXContainerItemProxy */;
		};
/* End PBXTargetDependency section */

/* Begin PBXVariantGroup section */
		04F9CFA01ADEEFF000B6ED9E /* Main.storyboard */ = {
			isa = PBXVariantGroup;
			children = (
				04F9CFA11ADEEFF000B6ED9E /* Base */,
			);
			name = Main.storyboard;
			sourceTree = "<group>";
		};
		04F9CFA51ADEEFF000B6ED9E /* LaunchScreen.xib */ = {
			isa = PBXVariantGroup;
			children = (
				04F9CFA61ADEEFF000B6ED9E /* Base */,
			);
			name = LaunchScreen.xib;
			sourceTree = "<group>";
		};
/* End PBXVariantGroup section */

/* Begin XCBuildConfiguration section */
		04F9CFB41ADEEFF100B6ED9E /* Debug */ = {
			isa = XCBuildConfiguration;
			buildSettings = {
				ALWAYS_SEARCH_USER_PATHS = NO;
				CLANG_CXX_LANGUAGE_STANDARD = "gnu++0x";
				CLANG_CXX_LIBRARY = "libc++";
				CLANG_ENABLE_MODULES = YES;
				CLANG_ENABLE_OBJC_ARC = YES;
				CLANG_WARN_BOOL_CONVERSION = YES;
				CLANG_WARN_CONSTANT_CONVERSION = YES;
				CLANG_WARN_DIRECT_OBJC_ISA_USAGE = YES_ERROR;
				CLANG_WARN_EMPTY_BODY = YES;
				CLANG_WARN_ENUM_CONVERSION = YES;
				CLANG_WARN_INT_CONVERSION = YES;
				CLANG_WARN_OBJC_ROOT_CLASS = YES_ERROR;
				CLANG_WARN_UNREACHABLE_CODE = YES;
				CLANG_WARN__DUPLICATE_METHOD_MATCH = YES;
				"CODE_SIGN_IDENTITY[sdk=iphoneos*]" = "iPhone Developer";
				COPY_PHASE_STRIP = NO;
				DEBUG_INFORMATION_FORMAT = "dwarf-with-dsym";
				ENABLE_STRICT_OBJC_MSGSEND = YES;
				GCC_C_LANGUAGE_STANDARD = gnu99;
				GCC_DYNAMIC_NO_PIC = NO;
				GCC_NO_COMMON_BLOCKS = YES;
				GCC_OPTIMIZATION_LEVEL = 0;
				GCC_PREPROCESSOR_DEFINITIONS = (
					"DEBUG=1",
					"$(inherited)",
				);
				GCC_SYMBOLS_PRIVATE_EXTERN = NO;
				GCC_WARN_64_TO_32_BIT_CONVERSION = YES;
				GCC_WARN_ABOUT_RETURN_TYPE = YES_ERROR;
				GCC_WARN_UNDECLARED_SELECTOR = YES;
				GCC_WARN_UNINITIALIZED_AUTOS = YES_AGGRESSIVE;
				GCC_WARN_UNUSED_FUNCTION = YES;
				GCC_WARN_UNUSED_VARIABLE = YES;
				IPHONEOS_DEPLOYMENT_TARGET = 8.3;
				MTL_ENABLE_DEBUG_INFO = YES;
				ONLY_ACTIVE_ARCH = YES;
				SDKROOT = iphoneos;
				TARGETED_DEVICE_FAMILY = "1,2";
			};
			name = Debug;
		};
		04F9CFB51ADEEFF100B6ED9E /* Release */ = {
			isa = XCBuildConfiguration;
			buildSettings = {
				ALWAYS_SEARCH_USER_PATHS = NO;
				CLANG_CXX_LANGUAGE_STANDARD = "gnu++0x";
				CLANG_CXX_LIBRARY = "libc++";
				CLANG_ENABLE_MODULES = YES;
				CLANG_ENABLE_OBJC_ARC = YES;
				CLANG_WARN_BOOL_CONVERSION = YES;
				CLANG_WARN_CONSTANT_CONVERSION = YES;
				CLANG_WARN_DIRECT_OBJC_ISA_USAGE = YES_ERROR;
				CLANG_WARN_EMPTY_BODY = YES;
				CLANG_WARN_ENUM_CONVERSION = YES;
				CLANG_WARN_INT_CONVERSION = YES;
				CLANG_WARN_OBJC_ROOT_CLASS = YES_ERROR;
				CLANG_WARN_UNREACHABLE_CODE = YES;
				CLANG_WARN__DUPLICATE_METHOD_MATCH = YES;
				"CODE_SIGN_IDENTITY[sdk=iphoneos*]" = "iPhone Developer";
				COPY_PHASE_STRIP = NO;
				DEBUG_INFORMATION_FORMAT = "dwarf-with-dsym";
				ENABLE_NS_ASSERTIONS = NO;
				ENABLE_STRICT_OBJC_MSGSEND = YES;
				GCC_C_LANGUAGE_STANDARD = gnu99;
				GCC_NO_COMMON_BLOCKS = YES;
				GCC_WARN_64_TO_32_BIT_CONVERSION = YES;
				GCC_WARN_ABOUT_RETURN_TYPE = YES_ERROR;
				GCC_WARN_UNDECLARED_SELECTOR = YES;
				GCC_WARN_UNINITIALIZED_AUTOS = YES_AGGRESSIVE;
				GCC_WARN_UNUSED_FUNCTION = YES;
				GCC_WARN_UNUSED_VARIABLE = YES;
				IPHONEOS_DEPLOYMENT_TARGET = 8.3;
				MTL_ENABLE_DEBUG_INFO = NO;
				SDKROOT = iphoneos;
				TARGETED_DEVICE_FAMILY = "1,2";
				VALIDATE_PRODUCT = YES;
			};
			name = Release;
		};
		04F9CFB71ADEEFF100B6ED9E /* Debug */ = {
			isa = XCBuildConfiguration;
			buildSettings = {
				ASSETCATALOG_COMPILER_APPICON_NAME = AppIcon;
				INFOPLIST_FILE = KnowGeo/Info.plist;
				LD_RUNPATH_SEARCH_PATHS = "$(inherited) @executable_path/Frameworks";
				PRODUCT_NAME = "$(TARGET_NAME)";
				TARGETED_DEVICE_FAMILY = 2;
			};
			name = Debug;
		};
		04F9CFB81ADEEFF100B6ED9E /* Release */ = {
			isa = XCBuildConfiguration;
			buildSettings = {
				ASSETCATALOG_COMPILER_APPICON_NAME = AppIcon;
				INFOPLIST_FILE = KnowGeo/Info.plist;
				LD_RUNPATH_SEARCH_PATHS = "$(inherited) @executable_path/Frameworks";
				PRODUCT_NAME = "$(TARGET_NAME)";
				TARGETED_DEVICE_FAMILY = 2;
			};
			name = Release;
		};
		04F9CFBA1ADEEFF100B6ED9E /* Debug */ = {
			isa = XCBuildConfiguration;
			buildSettings = {
				BUNDLE_LOADER = "$(TEST_HOST)";
				FRAMEWORK_SEARCH_PATHS = (
					"$(SDKROOT)/Developer/Library/Frameworks",
					"$(inherited)",
				);
				GCC_PREPROCESSOR_DEFINITIONS = (
					"DEBUG=1",
					"$(inherited)",
				);
				INFOPLIST_FILE = KnowGeoTests/Info.plist;
				LD_RUNPATH_SEARCH_PATHS = "$(inherited) @executable_path/Frameworks @loader_path/Frameworks";
				PRODUCT_NAME = "$(TARGET_NAME)";
				TEST_HOST = "$(BUILT_PRODUCTS_DIR)/KnowGeo.app/KnowGeo";
			};
			name = Debug;
		};
		04F9CFBB1ADEEFF100B6ED9E /* Release */ = {
			isa = XCBuildConfiguration;
			buildSettings = {
				BUNDLE_LOADER = "$(TEST_HOST)";
				FRAMEWORK_SEARCH_PATHS = (
					"$(SDKROOT)/Developer/Library/Frameworks",
					"$(inherited)",
				);
				INFOPLIST_FILE = KnowGeoTests/Info.plist;
				LD_RUNPATH_SEARCH_PATHS = "$(inherited) @executable_path/Frameworks @loader_path/Frameworks";
				PRODUCT_NAME = "$(TARGET_NAME)";
				TEST_HOST = "$(BUILT_PRODUCTS_DIR)/KnowGeo.app/KnowGeo";
			};
			name = Release;
		};
/* End XCBuildConfiguration section */

/* Begin XCConfigurationList section */
		04F9CF8B1ADEEFF000B6ED9E /* Build configuration list for PBXProject "KnowGeo" */ = {
			isa = XCConfigurationList;
			buildConfigurations = (
				04F9CFB41ADEEFF100B6ED9E /* Debug */,
				04F9CFB51ADEEFF100B6ED9E /* Release */,
			);
			defaultConfigurationIsVisible = 0;
			defaultConfigurationName = Release;
		};
		04F9CFB61ADEEFF100B6ED9E /* Build configuration list for PBXNativeTarget "KnowGeo" */ = {
			isa = XCConfigurationList;
			buildConfigurations = (
				04F9CFB71ADEEFF100B6ED9E /* Debug */,
				04F9CFB81ADEEFF100B6ED9E /* Release */,
			);
			defaultConfigurationIsVisible = 0;
			defaultConfigurationName = Release;
		};
		04F9CFB91ADEEFF100B6ED9E /* Build configuration list for PBXNativeTarget "KnowGeoTests" */ = {
			isa = XCConfigurationList;
			buildConfigurations = (
				04F9CFBA1ADEEFF100B6ED9E /* Debug */,
				04F9CFBB1ADEEFF100B6ED9E /* Release */,
			);
			defaultConfigurationIsVisible = 0;
			defaultConfigurationName = Release;
		};
/* End XCConfigurationList section */

/* Begin XCVersionGroup section */
		04F9CF9A1ADEEFF000B6ED9E /* KnowGeo.xcdatamodeld */ = {
			isa = XCVersionGroup;
			children = (
				04F9CF9B1ADEEFF000B6ED9E /* KnowGeo.xcdatamodel */,
			);
			currentVersion = 04F9CF9B1ADEEFF000B6ED9E /* KnowGeo.xcdatamodel */;
			path = KnowGeo.xcdatamodeld;
			sourceTree = "<group>";
			versionGroupType = wrapper.xcdatamodel;
		};
/* End XCVersionGroup section */
	};
	rootObject = 04F9CF881ADEEFF000B6ED9E /* Project object */;
}
